
Microsoft Visual Studio Solution File, Format Version 12.00
# Visual Studio Version 17
VisualStudioVersion = 17.2.32616.157
MinimumVisualStudioVersion = 10.0.40219.1
Project("{FAE04EC0-301F-11D3-BF4B-00C04F79EFBC}") = "MonitoringAndEvaluationApp.Android", "MonitoringAndEvaluationApp.Android\MonitoringAndEvaluationApp.Android.csproj", "{0552FDFA-379E-4B95-9A4E-0ED35E966ECC}"
EndProject
Project("{FAE04EC0-301F-11D3-BF4B-00C04F79EFBC}") = "MonitoringAndEvaluationApp.iOS", "MonitoringAndEvaluationApp.iOS\MonitoringAndEvaluationApp.iOS.csproj", "{5BF036CC-B867-487E-8A69-D2F92FD145AC}"
EndProject
Project("{FAE04EC0-301F-11D3-BF4B-00C04F79EFBC}") = "MonitoringAndEvaluationApp", "MonitoringAndEvaluationApp\MonitoringAndEvaluationApp.csproj", "{DB4D7582-2433-4FA9-8FC2-A4F7BC9F3C73}"
EndProject
Global
	GlobalSection(SolutionConfigurationPlatforms) = preSolution
		Debug|Any CPU = Debug|Any CPU
		Debug|iPhone = Debug|iPhone
		Debug|iPhoneSimulator = Debug|iPhoneSimulator
		Release|Any CPU = Release|Any CPU
		Release|iPhone = Release|iPhone
		Release|iPhoneSimulator = Release|iPhoneSimulator
	EndGlobalSection
	GlobalSection(ProjectConfigurationPlatforms) = postSolution
		{0552FDFA-379E-4B95-9A4E-0ED35E966ECC}.Debug|Any CPU.ActiveCfg = Debug|Any CPU
		{0552FDFA-379E-4B95-9A4E-0ED35E966ECC}.Debug|Any CPU.Build.0 = Debug|Any CPU
		{0552FDFA-379E-4B95-9A4E-0ED35E966ECC}.Debug|Any CPU.Deploy.0 = Debug|Any CPU
		{0552FDFA-379E-4B95-9A4E-0ED35E966ECC}.Debug|iPhone.ActiveCfg = Debug|Any CPU
		{0552FDFA-379E-4B95-9A4E-0ED35E966ECC}.Debug|iPhone.Build.0 = Debug|Any CPU
		{0552FDFA-379E-4B95-9A4E-0ED35E966ECC}.Debug|iPhone.Deploy.0 = Debug|Any CPU
		{0552FDFA-379E-4B95-9A4E-0ED35E966ECC}.Debug|iPhoneSimulator.ActiveCfg = Debug|Any CPU
		{0552FDFA-379E-4B95-9A4E-0ED35E966ECC}.Debug|iPhoneSimulator.Build.0 = Debug|Any CPU
		{0552FDFA-379E-4B95-9A4E-0ED35E966ECC}.Debug|iPhoneSimulator.Deploy.0 = Debug|Any CPU
		{0552FDFA-379E-4B95-9A4E-0ED35E966ECC}.Release|Any CPU.ActiveCfg = Release|Any CPU
		{0552FDFA-379E-4B95-9A4E-0ED35E966ECC}.Release|Any CPU.Build.0 = Release|Any CPU
		{0552FDFA-379E-4B95-9A4E-0ED35E966ECC}.Release|Any CPU.Deploy.0 = Release|Any CPU
		{0552FDFA-379E-4B95-9A4E-0ED35E966ECC}.Release|iPhone.ActiveCfg = Release|Any CPU
		{0552FDFA-379E-4B95-9A4E-0ED35E966ECC}.Release|iPhone.Build.0 = Release|Any CPU
		{0552FDFA-379E-4B95-9A4E-0ED35E966ECC}.Release|iPhone.Deploy.0 = Release|Any CPU
		{0552FDFA-379E-4B95-9A4E-0ED35E966ECC}.Release|iPhoneSimulator.ActiveCfg = Release|Any CPU
		{0552FDFA-379E-4B95-9A4E-0ED35E966ECC}.Release|iPhoneSimulator.Build.0 = Release|Any CPU
		{0552FDFA-379E-4B95-9A4E-0ED35E966ECC}.Release|iPhoneSimulator.Deploy.0 = Release|Any CPU
		{5BF036CC-B867-487E-8A69-D2F92FD145AC}.Debug|Any CPU.ActiveCfg = Debug|iPhone
		{5BF036CC-B867-487E-8A69-D2F92FD145AC}.Debug|Any CPU.Build.0 = Debug|iPhone
		{5BF036CC-B867-487E-8A69-D2F92FD145AC}.Debug|Any CPU.Deploy.0 = Debug|iPhone
		{5BF036CC-B867-487E-8A69-D2F92FD145AC}.Debug|iPhone.ActiveCfg = Debug|iPhone
		{5BF036CC-B867-487E-8A69-D2F92FD145AC}.Debug|iPhone.Build.0 = Debug|iPhone
		{5BF036CC-B867-487E-8A69-D2F92FD145AC}.Debug|iPhone.Deploy.0 = Debug|iPhone
		{5BF036CC-B867-487E-8A69-D2F92FD145AC}.Debug|iPhoneSimulator.ActiveCfg = Debug|iPhoneSimulator
		{5BF036CC-B867-487E-8A69-D2F92FD145AC}.Debug|iPhoneSimulator.Build.0 = Debug|iPhoneSimulator
		{5BF036CC-B867-487E-8A69-D2F92FD145AC}.Debug|iPhoneSimulator.Deploy.0 = Debug|iPhoneSimulator
		{5BF036CC-B867-487E-8A69-D2F92FD145AC}.Release|Any CPU.ActiveCfg = Release|iPhoneSimulator
		{5BF036CC-B867-487E-8A69-D2F92FD145AC}.Release|Any CPU.Build.0 = Release|iPhoneSimulator
		{5BF036CC-B867-487E-8A69-D2F92FD145AC}.Release|Any CPU.Deploy.0 = Release|iPhoneSimulator
		{5BF036CC-B867-487E-8A69-D2F92FD145AC}.Release|iPhone.ActiveCfg = Release|iPhone
		{5BF036CC-B867-487E-8A69-D2F92FD145AC}.Release|iPhone.Build.0 = Release|iPhone
		{5BF036CC-B867-487E-8A69-D2F92FD145AC}.Release|iPhone.Deploy.0 = Release|iPhone
		{5BF036CC-B867-487E-8A69-D2F92FD145AC}.Release|iPhoneSimulator.ActiveCfg = Release|iPhoneSimulator
		{5BF036CC-B867-487E-8A69-D2F92FD145AC}.Release|iPhoneSimulator.Build.0 = Release|iPhoneSimulator
		{5BF036CC-B867-487E-8A69-D2F92FD145AC}.Release|iPhoneSimulator.Deploy.0 = Release|iPhoneSimulator
		{DB4D7582-2433-4FA9-8FC2-A4F7BC9F3C73}.Debug|Any CPU.ActiveCfg = Debug|Any CPU
		{DB4D7582-2433-4FA9-8FC2-A4F7BC9F3C73}.Debug|Any CPU.Build.0 = Debug|Any CPU
		{DB4D7582-2433-4FA9-8FC2-A4F7BC9F3C73}.Debug|Any CPU.Deploy.0 = Debug|Any CPU
		{DB4D7582-2433-4FA9-8FC2-A4F7BC9F3C73}.Debug|iPhone.ActiveCfg = Debug|Any CPU
		{DB4D7582-2433-4FA9-8FC2-A4F7BC9F3C73}.Debug|iPhone.Build.0 = Debug|Any CPU
		{DB4D7582-2433-4FA9-8FC2-A4F7BC9F3C73}.Debug|iPhone.Deploy.0 = Debug|Any CPU
		{DB4D7582-2433-4FA9-8FC2-A4F7BC9F3C73}.Debug|iPhoneSimulator.ActiveCfg = Debug|Any CPU
		{DB4D7582-2433-4FA9-8FC2-A4F7BC9F3C73}.Debug|iPhoneSimulator.Build.0 = Debug|Any CPU
		{DB4D7582-2433-4FA9-8FC2-A4F7BC9F3C73}.Debug|iPhoneSimulator.Deploy.0 = Debug|Any CPU
		{DB4D7582-2433-4FA9-8FC2-A4F7BC9F3C73}.Release|Any CPU.ActiveCfg = Release|Any CPU
		{DB4D7582-2433-4FA9-8FC2-A4F7BC9F3C73}.Release|Any CPU.Build.0 = Release|Any CPU
		{DB4D7582-2433-4FA9-8FC2-A4F7BC9F3C73}.Release|Any CPU.Deploy.0 = Release|Any CPU
		{DB4D7582-2433-4FA9-8FC2-A4F7BC9F3C73}.Release|iPhone.ActiveCfg = Release|Any CPU
		{DB4D7582-2433-4FA9-8FC2-A4F7BC9F3C73}.Release|iPhone.Build.0 = Release|Any CPU
		{DB4D7582-2433-4FA9-8FC2-A4F7BC9F3C73}.Release|iPhone.Deploy.0 = Release|Any CPU
		{DB4D7582-2433-4FA9-8FC2-A4F7BC9F3C73}.Release|iPhoneSimulator.ActiveCfg = Release|Any CPU
		{DB4D7582-2433-4FA9-8FC2-A4F7BC9F3C73}.Release|iPhoneSimulator.Build.0 = Release|Any CPU
		{DB4D7582-2433-4FA9-8FC2-A4F7BC9F3C73}.Release|iPhoneSimulator.Deploy.0 = Release|Any CPU
	EndGlobalSection
	GlobalSection(SolutionProperties) = preSolution
		HideSolutionNode = FALSE
	EndGlobalSection
	GlobalSection(ExtensibilityGlobals) = postSolution
		SolutionGuid = {C023B039-96EB-4F79-8779-473F408F8AFD}
	EndGlobalSection
EndGlobal
